# This file was autogenerated by uv via the following command:
#    uv pip compile pyproject.toml -o requirements.lock
annotated-types==0.7.0
    # via pydantic
anyio==4.9.0
    # via
    #   httpx
    #   starlette
arrow==1.3.0
    # via cookiecutter
bcrypt==4.3.0
    # via passlib
binaryornot==0.4.4
    # via cookiecutter
certifi==2025.4.26
    # via
    #   httpcore
    #   httpx
    #   requests
cffi==1.17.1
    # via cryptography
chardet==5.2.0
    # via binaryornot
charset-normalizer==3.4.2
    # via requests
click==8.2.0
    # via
    #   cookiecutter
    #   uvicorn
colorama==0.4.6
    # via
    #   click
    #   qrcode
cookiecutter==2.6.0
    # via flet-cli
cryptography==44.0.3
    # via
    #   flet-multiplatform-app (pyproject.toml)
    #   python-jose
dnspython==2.7.0
    # via email-validator
ecdsa==0.19.1
    # via python-jose
email-validator==2.2.0
    # via flet-multiplatform-app (pyproject.toml)
fastapi==0.115.12
    # via flet-multiplatform-app (pyproject.toml)
flet==0.28.2
    # via
    #   flet-multiplatform-app (pyproject.toml)
    #   flet-cli
    #   flet-desktop
flet-cli==0.28.2
    # via flet-multiplatform-app (pyproject.toml)
flet-desktop==0.28.2
    # via flet-multiplatform-app (pyproject.toml)
greenlet==3.2.2
    # via sqlalchemy
h11==0.16.0
    # via
    #   httpcore
    #   uvicorn
httpcore==1.0.9
    # via httpx
httpx==0.27.2
    # via
    #   flet-multiplatform-app (pyproject.toml)
    #   flet
idna==3.10
    # via
    #   anyio
    #   email-validator
    #   httpx
    #   requests
jinja2==3.1.6
    # via cookiecutter
markdown-it-py==3.0.0
    # via rich
markupsafe==3.0.2
    # via jinja2
mdurl==0.1.2
    # via markdown-it-py
oauthlib==3.2.2
    # via flet
packaging==25.0
    # via flet-cli
passlib==1.7.4
    # via flet-multiplatform-app (pyproject.toml)
psycopg2-binary==2.9.10
    # via flet-multiplatform-app (pyproject.toml)
pyasn1==0.4.8
    # via
    #   python-jose
    #   rsa
pycparser==2.22
    # via cffi
pydantic==2.11.4
    # via
    #   flet-multiplatform-app (pyproject.toml)
    #   fastapi
pydantic-core==2.33.2
    # via pydantic
pygments==2.19.1
    # via rich
pypng==0.20220715.0
    # via qrcode
python-dateutil==2.9.0.post0
    # via arrow
python-dotenv==1.1.0
    # via flet-multiplatform-app (pyproject.toml)
python-jose==3.4.0
    # via flet-multiplatform-app (pyproject.toml)
python-multipart==0.0.20
    # via flet-multiplatform-app (pyproject.toml)
python-slugify==8.0.4
    # via cookiecutter
pyyaml==6.0.2
    # via cookiecutter
qrcode==7.4.2
    # via flet-cli
repath==0.9.0
    # via flet
requests==2.32.3
    # via cookiecutter
rich==14.0.0
    # via cookiecutter
rsa==4.9.1
    # via python-jose
six==1.17.0
    # via
    #   ecdsa
    #   python-dateutil
    #   repath
sniffio==1.3.1
    # via
    #   anyio
    #   httpx
sqlalchemy==2.0.41
    # via flet-multiplatform-app (pyproject.toml)
starlette==0.46.2
    # via fastapi
text-unidecode==1.3
    # via python-slugify
toml==0.10.2
    # via flet-cli
types-python-dateutil==2.9.0.20241206
    # via arrow
typing-extensions==4.13.2
    # via
    #   fastapi
    #   pydantic
    #   pydantic-core
    #   qrcode
    #   sqlalchemy
    #   typing-inspection
typing-inspection==0.4.0
    # via pydantic
urllib3==2.4.0
    # via
    #   flet-multiplatform-app (pyproject.toml)
    #   requests
uvicorn==0.27.1
    # via flet-multiplatform-app (pyproject.toml)
watchdog==4.0.2
    # via flet-cli
